
Microsoft Visual Studio Solution File, Format Version 12.00
# Visual Studio 15
VisualStudioVersion = 15.0.27703.2042
MinimumVisualStudioVersion = 10.0.40219.1
Project("{FAE04EC0-301F-11D3-BF4B-00C04F79EFBC}") = "SnakeGame_HarshulGupta", "SnakeGame_HarshulGupta\SnakeGame_HarshulGupta.csproj", "{BB081E3C-884C-4B88-9259-EEA62EDE13B6}"
EndProject
Global
	GlobalSection(SolutionConfigurationPlatforms) = preSolution
		Debug|Any CPU = Debug|Any CPU
		Release|Any CPU = Release|Any CPU
	EndGlobalSection
	GlobalSection(ProjectConfigurationPlatforms) = postSolution
		{BB081E3C-884C-4B88-9259-EEA62EDE13B6}.Debug|Any CPU.ActiveCfg = Debug|Any CPU
		{BB081E3C-884C-4B88-9259-EEA62EDE13B6}.Debug|Any CPU.Build.0 = Debug|Any CPU
		{BB081E3C-884C-4B88-9259-EEA62EDE13B6}.Release|Any CPU.ActiveCfg = Release|Any CPU
		{BB081E3C-884C-4B88-9259-EEA62EDE13B6}.Release|Any CPU.Build.0 = Release|Any CPU
	EndGlobalSection
	GlobalSection(SolutionProperties) = preSolution
		HideSolutionNode = FALSE
	EndGlobalSection
	GlobalSection(ExtensibilityGlobals) = postSolution
		SolutionGuid = {FB4D0CC8-5B19-41D3-B4D9-2C5EAA69256C}
	EndGlobalSection
EndGlobal
